
Microsoft Visual Studio Solution File, Format Version 12.00
# Visual Studio Version 16
VisualStudioVersion = 16.0.30413.136
MinimumVisualStudioVersion = 10.0.40219.1
Project("{F184B08F-C81C-45F6-A57F-5ABD9991F28F}") = "DevExWinformsVB", "DevExWinformsVB\DevExWinformsVB.vbproj", "{D000C6FD-0570-4E44-8572-059B0CBAFF65}"
EndProject
Project("{FAE04EC0-301F-11D3-BF4B-00C04F79EFBC}") = "XtraReportTreemap", "XtraReportTreemap\XtraReportTreemap.csproj", "{2A7DC1A9-197C-4FE9-9DCA-1C7544AB87E9}"
EndProject
Project("{FAE04EC0-301F-11D3-BF4B-00C04F79EFBC}") = "DiagramControl", "DiagramControl\DiagramControl.csproj", "{86584F33-4ECE-455E-BFDB-D2FAB2D2B987}"
EndProject
Project("{FAE04EC0-301F-11D3-BF4B-00C04F79EFBC}") = "XtraGridControl", "XtraGridControl\XtraGridControl.csproj", "{5F760568-7B4F-4E38-AE72-3DAF0355AE6A}"
EndProject
Project("{FAE04EC0-301F-11D3-BF4B-00C04F79EFBC}") = "DevExReportChart", "DevExReportChart\DevExReportChart.csproj", "{CE8DAFE0-9A5D-4C0C-8A1B-E51C7C338C2F}"
EndProject
Project("{FAE04EC0-301F-11D3-BF4B-00C04F79EFBC}") = "DevExReporting", "WindowsFormsApplication1\DevExReporting.csproj", "{E20744F5-717A-4B12-86DF-873FE723CD96}"
EndProject
Project("{2150E333-8FDC-42A3-9474-1A3956D46DE8}") = "DevExWebProjects", "DevExWebProjects", "{488A9563-EE13-4CD4-85DC-73E039AA6EE0}"
EndProject
Project("{FAE04EC0-301F-11D3-BF4B-00C04F79EFBC}") = "DevExMVCWeb", "DevExMVCWeb\DevExMVCWeb.csproj", "{D01C6A50-BAED-4033-B7BC-38B5D576B426}"
EndProject
Project("{9A19103F-16F7-4668-BE54-9A1E7A4F7556}") = "DevExMVCCoreWeb", "DevExMVCCoreWeb\DevExMVCCoreWeb.csproj", "{707462C0-84F6-4516-B917-3EE7EEDCD6E6}"
EndProject
Project("{2150E333-8FDC-42A3-9474-1A3956D46DE8}") = "Win", "Win", "{A1A73EE3-13BE-4933-81DD-E2649DAA21CA}"
EndProject
Project("{FAE04EC0-301F-11D3-BF4B-00C04F79EFBC}") = "DevEx.Win.Editors", "Win\DevEx.Win.Editors\DevEx.Win.Editors.csproj", "{0A25C840-1421-43FF-B8C0-1CFA2062B359}"
EndProject
Global
	GlobalSection(SolutionConfigurationPlatforms) = preSolution
		Debug|Any CPU = Debug|Any CPU
		Debug|Mixed Platforms = Debug|Mixed Platforms
		Debug|x86 = Debug|x86
		Release|Any CPU = Release|Any CPU
		Release|Mixed Platforms = Release|Mixed Platforms
		Release|x86 = Release|x86
	EndGlobalSection
	GlobalSection(ProjectConfigurationPlatforms) = postSolution
		{D000C6FD-0570-4E44-8572-059B0CBAFF65}.Debug|Any CPU.ActiveCfg = Debug|Any CPU
		{D000C6FD-0570-4E44-8572-059B0CBAFF65}.Debug|Any CPU.Build.0 = Debug|Any CPU
		{D000C6FD-0570-4E44-8572-059B0CBAFF65}.Debug|Mixed Platforms.ActiveCfg = Debug|Any CPU
		{D000C6FD-0570-4E44-8572-059B0CBAFF65}.Debug|Mixed Platforms.Build.0 = Debug|Any CPU
		{D000C6FD-0570-4E44-8572-059B0CBAFF65}.Debug|x86.ActiveCfg = Debug|Any CPU
		{D000C6FD-0570-4E44-8572-059B0CBAFF65}.Release|Any CPU.ActiveCfg = Release|Any CPU
		{D000C6FD-0570-4E44-8572-059B0CBAFF65}.Release|Any CPU.Build.0 = Release|Any CPU
		{D000C6FD-0570-4E44-8572-059B0CBAFF65}.Release|Mixed Platforms.ActiveCfg = Release|Any CPU
		{D000C6FD-0570-4E44-8572-059B0CBAFF65}.Release|Mixed Platforms.Build.0 = Release|Any CPU
		{D000C6FD-0570-4E44-8572-059B0CBAFF65}.Release|x86.ActiveCfg = Release|Any CPU
		{2A7DC1A9-197C-4FE9-9DCA-1C7544AB87E9}.Debug|Any CPU.ActiveCfg = Debug|Any CPU
		{2A7DC1A9-197C-4FE9-9DCA-1C7544AB87E9}.Debug|Any CPU.Build.0 = Debug|Any CPU
		{2A7DC1A9-197C-4FE9-9DCA-1C7544AB87E9}.Debug|Mixed Platforms.ActiveCfg = Debug|Any CPU
		{2A7DC1A9-197C-4FE9-9DCA-1C7544AB87E9}.Debug|Mixed Platforms.Build.0 = Debug|Any CPU
		{2A7DC1A9-197C-4FE9-9DCA-1C7544AB87E9}.Debug|x86.ActiveCfg = Debug|Any CPU
		{2A7DC1A9-197C-4FE9-9DCA-1C7544AB87E9}.Release|Any CPU.ActiveCfg = Release|Any CPU
		{2A7DC1A9-197C-4FE9-9DCA-1C7544AB87E9}.Release|Any CPU.Build.0 = Release|Any CPU
		{2A7DC1A9-197C-4FE9-9DCA-1C7544AB87E9}.Release|Mixed Platforms.ActiveCfg = Release|Any CPU
		{2A7DC1A9-197C-4FE9-9DCA-1C7544AB87E9}.Release|Mixed Platforms.Build.0 = Release|Any CPU
		{2A7DC1A9-197C-4FE9-9DCA-1C7544AB87E9}.Release|x86.ActiveCfg = Release|Any CPU
		{86584F33-4ECE-455E-BFDB-D2FAB2D2B987}.Debug|Any CPU.ActiveCfg = Debug|Any CPU
		{86584F33-4ECE-455E-BFDB-D2FAB2D2B987}.Debug|Any CPU.Build.0 = Debug|Any CPU
		{86584F33-4ECE-455E-BFDB-D2FAB2D2B987}.Debug|Mixed Platforms.ActiveCfg = Debug|Any CPU
		{86584F33-4ECE-455E-BFDB-D2FAB2D2B987}.Debug|Mixed Platforms.Build.0 = Debug|Any CPU
		{86584F33-4ECE-455E-BFDB-D2FAB2D2B987}.Debug|x86.ActiveCfg = Debug|Any CPU
		{86584F33-4ECE-455E-BFDB-D2FAB2D2B987}.Release|Any CPU.ActiveCfg = Release|Any CPU
		{86584F33-4ECE-455E-BFDB-D2FAB2D2B987}.Release|Any CPU.Build.0 = Release|Any CPU
		{86584F33-4ECE-455E-BFDB-D2FAB2D2B987}.Release|Mixed Platforms.ActiveCfg = Release|Any CPU
		{86584F33-4ECE-455E-BFDB-D2FAB2D2B987}.Release|Mixed Platforms.Build.0 = Release|Any CPU
		{86584F33-4ECE-455E-BFDB-D2FAB2D2B987}.Release|x86.ActiveCfg = Release|Any CPU
		{5F760568-7B4F-4E38-AE72-3DAF0355AE6A}.Debug|Any CPU.ActiveCfg = Debug|Any CPU
		{5F760568-7B4F-4E38-AE72-3DAF0355AE6A}.Debug|Any CPU.Build.0 = Debug|Any CPU
		{5F760568-7B4F-4E38-AE72-3DAF0355AE6A}.Debug|Mixed Platforms.ActiveCfg = Debug|Any CPU
		{5F760568-7B4F-4E38-AE72-3DAF0355AE6A}.Debug|Mixed Platforms.Build.0 = Debug|Any CPU
		{5F760568-7B4F-4E38-AE72-3DAF0355AE6A}.Debug|x86.ActiveCfg = Debug|Any CPU
		{5F760568-7B4F-4E38-AE72-3DAF0355AE6A}.Release|Any CPU.ActiveCfg = Release|Any CPU
		{5F760568-7B4F-4E38-AE72-3DAF0355AE6A}.Release|Any CPU.Build.0 = Release|Any CPU
		{5F760568-7B4F-4E38-AE72-3DAF0355AE6A}.Release|Mixed Platforms.ActiveCfg = Release|Any CPU
		{5F760568-7B4F-4E38-AE72-3DAF0355AE6A}.Release|Mixed Platforms.Build.0 = Release|Any CPU
		{5F760568-7B4F-4E38-AE72-3DAF0355AE6A}.Release|x86.ActiveCfg = Release|Any CPU
		{CE8DAFE0-9A5D-4C0C-8A1B-E51C7C338C2F}.Debug|Any CPU.ActiveCfg = Debug|x86
		{CE8DAFE0-9A5D-4C0C-8A1B-E51C7C338C2F}.Debug|Mixed Platforms.ActiveCfg = Debug|x86
		{CE8DAFE0-9A5D-4C0C-8A1B-E51C7C338C2F}.Debug|Mixed Platforms.Build.0 = Debug|x86
		{CE8DAFE0-9A5D-4C0C-8A1B-E51C7C338C2F}.Debug|x86.ActiveCfg = Debug|x86
		{CE8DAFE0-9A5D-4C0C-8A1B-E51C7C338C2F}.Debug|x86.Build.0 = Debug|x86
		{CE8DAFE0-9A5D-4C0C-8A1B-E51C7C338C2F}.Release|Any CPU.ActiveCfg = Release|x86
		{CE8DAFE0-9A5D-4C0C-8A1B-E51C7C338C2F}.Release|Mixed Platforms.ActiveCfg = Release|x86
		{CE8DAFE0-9A5D-4C0C-8A1B-E51C7C338C2F}.Release|Mixed Platforms.Build.0 = Release|x86
		{CE8DAFE0-9A5D-4C0C-8A1B-E51C7C338C2F}.Release|x86.ActiveCfg = Release|x86
		{CE8DAFE0-9A5D-4C0C-8A1B-E51C7C338C2F}.Release|x86.Build.0 = Release|x86
		{E20744F5-717A-4B12-86DF-873FE723CD96}.Debug|Any CPU.ActiveCfg = Debug|x86
		{E20744F5-717A-4B12-86DF-873FE723CD96}.Debug|Mixed Platforms.ActiveCfg = Debug|x86
		{E20744F5-717A-4B12-86DF-873FE723CD96}.Debug|Mixed Platforms.Build.0 = Debug|x86
		{E20744F5-717A-4B12-86DF-873FE723CD96}.Debug|x86.ActiveCfg = Debug|x86
		{E20744F5-717A-4B12-86DF-873FE723CD96}.Debug|x86.Build.0 = Debug|x86
		{E20744F5-717A-4B12-86DF-873FE723CD96}.Release|Any CPU.ActiveCfg = Release|x86
		{E20744F5-717A-4B12-86DF-873FE723CD96}.Release|Mixed Platforms.ActiveCfg = Release|x86
		{E20744F5-717A-4B12-86DF-873FE723CD96}.Release|Mixed Platforms.Build.0 = Release|x86
		{E20744F5-717A-4B12-86DF-873FE723CD96}.Release|x86.ActiveCfg = Release|x86
		{E20744F5-717A-4B12-86DF-873FE723CD96}.Release|x86.Build.0 = Release|x86
		{D01C6A50-BAED-4033-B7BC-38B5D576B426}.Debug|Any CPU.ActiveCfg = Debug|Any CPU
		{D01C6A50-BAED-4033-B7BC-38B5D576B426}.Debug|Any CPU.Build.0 = Debug|Any CPU
		{D01C6A50-BAED-4033-B7BC-38B5D576B426}.Debug|Mixed Platforms.ActiveCfg = Debug|Any CPU
		{D01C6A50-BAED-4033-B7BC-38B5D576B426}.Debug|Mixed Platforms.Build.0 = Debug|Any CPU
		{D01C6A50-BAED-4033-B7BC-38B5D576B426}.Debug|x86.ActiveCfg = Debug|Any CPU
		{D01C6A50-BAED-4033-B7BC-38B5D576B426}.Debug|x86.Build.0 = Debug|Any CPU
		{D01C6A50-BAED-4033-B7BC-38B5D576B426}.Release|Any CPU.ActiveCfg = Release|Any CPU
		{D01C6A50-BAED-4033-B7BC-38B5D576B426}.Release|Any CPU.Build.0 = Release|Any CPU
		{D01C6A50-BAED-4033-B7BC-38B5D576B426}.Release|Mixed Platforms.ActiveCfg = Release|Any CPU
		{D01C6A50-BAED-4033-B7BC-38B5D576B426}.Release|Mixed Platforms.Build.0 = Release|Any CPU
		{D01C6A50-BAED-4033-B7BC-38B5D576B426}.Release|x86.ActiveCfg = Release|Any CPU
		{D01C6A50-BAED-4033-B7BC-38B5D576B426}.Release|x86.Build.0 = Release|Any CPU
		{707462C0-84F6-4516-B917-3EE7EEDCD6E6}.Debug|Any CPU.ActiveCfg = Debug|Any CPU
		{707462C0-84F6-4516-B917-3EE7EEDCD6E6}.Debug|Any CPU.Build.0 = Debug|Any CPU
		{707462C0-84F6-4516-B917-3EE7EEDCD6E6}.Debug|Mixed Platforms.ActiveCfg = Debug|Any CPU
		{707462C0-84F6-4516-B917-3EE7EEDCD6E6}.Debug|Mixed Platforms.Build.0 = Debug|Any CPU
		{707462C0-84F6-4516-B917-3EE7EEDCD6E6}.Debug|x86.ActiveCfg = Debug|Any CPU
		{707462C0-84F6-4516-B917-3EE7EEDCD6E6}.Debug|x86.Build.0 = Debug|Any CPU
		{707462C0-84F6-4516-B917-3EE7EEDCD6E6}.Release|Any CPU.ActiveCfg = Release|Any CPU
		{707462C0-84F6-4516-B917-3EE7EEDCD6E6}.Release|Any CPU.Build.0 = Release|Any CPU
		{707462C0-84F6-4516-B917-3EE7EEDCD6E6}.Release|Mixed Platforms.ActiveCfg = Release|Any CPU
		{707462C0-84F6-4516-B917-3EE7EEDCD6E6}.Release|Mixed Platforms.Build.0 = Release|Any CPU
		{707462C0-84F6-4516-B917-3EE7EEDCD6E6}.Release|x86.ActiveCfg = Release|Any CPU
		{707462C0-84F6-4516-B917-3EE7EEDCD6E6}.Release|x86.Build.0 = Release|Any CPU
		{0A25C840-1421-43FF-B8C0-1CFA2062B359}.Debug|Any CPU.ActiveCfg = Debug|Any CPU
		{0A25C840-1421-43FF-B8C0-1CFA2062B359}.Debug|Any CPU.Build.0 = Debug|Any CPU
		{0A25C840-1421-43FF-B8C0-1CFA2062B359}.Debug|Mixed Platforms.ActiveCfg = Debug|Any CPU
		{0A25C840-1421-43FF-B8C0-1CFA2062B359}.Debug|Mixed Platforms.Build.0 = Debug|Any CPU
		{0A25C840-1421-43FF-B8C0-1CFA2062B359}.Debug|x86.ActiveCfg = Debug|Any CPU
		{0A25C840-1421-43FF-B8C0-1CFA2062B359}.Debug|x86.Build.0 = Debug|Any CPU
		{0A25C840-1421-43FF-B8C0-1CFA2062B359}.Release|Any CPU.ActiveCfg = Release|Any CPU
		{0A25C840-1421-43FF-B8C0-1CFA2062B359}.Release|Any CPU.Build.0 = Release|Any CPU
		{0A25C840-1421-43FF-B8C0-1CFA2062B359}.Release|Mixed Platforms.ActiveCfg = Release|Any CPU
		{0A25C840-1421-43FF-B8C0-1CFA2062B359}.Release|Mixed Platforms.Build.0 = Release|Any CPU
		{0A25C840-1421-43FF-B8C0-1CFA2062B359}.Release|x86.ActiveCfg = Release|Any CPU
		{0A25C840-1421-43FF-B8C0-1CFA2062B359}.Release|x86.Build.0 = Release|Any CPU
	EndGlobalSection
	GlobalSection(SolutionProperties) = preSolution
		HideSolutionNode = FALSE
	EndGlobalSection
	GlobalSection(NestedProjects) = preSolution
		{D01C6A50-BAED-4033-B7BC-38B5D576B426} = {488A9563-EE13-4CD4-85DC-73E039AA6EE0}
		{707462C0-84F6-4516-B917-3EE7EEDCD6E6} = {488A9563-EE13-4CD4-85DC-73E039AA6EE0}
		{0A25C840-1421-43FF-B8C0-1CFA2062B359} = {A1A73EE3-13BE-4933-81DD-E2649DAA21CA}
	EndGlobalSection
	GlobalSection(ExtensibilityGlobals) = postSolution
		SolutionGuid = {14051B0D-EB2A-4402-954D-5C1EDAEA5D1D}
	EndGlobalSection
EndGlobal
